
Microsoft Visual Studio Solution File, Format Version 12.00
# Visual Studio Version 16
VisualStudioVersion = 16.0.31402.337
MinimumVisualStudioVersion = 10.0.40219.1
Project("{FAE04EC0-301F-11D3-BF4B-00C04F79EFBC}") = "CoolvisionAPI", "CoolvisionAPI.csproj", "{D141665B-4D7D-4874-A8DB-AD114EE3CBD5}"
EndProject
Global
	GlobalSection(SolutionConfigurationPlatforms) = preSolution
		Debug|Any CPU = Debug|Any CPU
		Release|Any CPU = Release|Any CPU
	EndGlobalSection
	GlobalSection(ProjectConfigurationPlatforms) = postSolution
		{D141665B-4D7D-4874-A8DB-AD114EE3CBD5}.Debug|Any CPU.ActiveCfg = Debug|Any CPU
		{D141665B-4D7D-4874-A8DB-AD114EE3CBD5}.Debug|Any CPU.Build.0 = Debug|Any CPU
		{D141665B-4D7D-4874-A8DB-AD114EE3CBD5}.Release|Any CPU.ActiveCfg = Release|Any CPU
		{D141665B-4D7D-4874-A8DB-AD114EE3CBD5}.Release|Any CPU.Build.0 = Release|Any CPU
	EndGlobalSection
	GlobalSection(SolutionProperties) = preSolution
		HideSolutionNode = FALSE
	EndGlobalSection
	GlobalSection(ExtensibilityGlobals) = postSolution
		SolutionGuid = {50D5C969-8CFC-4EF6-88E9-FEF294FAD950}
	EndGlobalSection
EndGlobal
